
Microsoft Visual Studio Solution File, Format Version 12.00
# Visual Studio 14
VisualStudioVersion = 14.0.25420.1
MinimumVisualStudioVersion = 10.0.40219.1
Project("{FAE04EC0-301F-11D3-BF4B-00C04F79EFBC}") = "SuperClicker.View", "SuperClicker\SuperClicker.View.csproj", "{0A3F0735-3587-42C0-8C7E-06502BF7E68C}"
EndProject
Project("{FAE04EC0-301F-11D3-BF4B-00C04F79EFBC}") = "WindowsInterface", "WindowsInterface\WindowsInterface.csproj", "{DE1FFD0B-F885-45B0-9C43-5BF4EBE11C77}"
EndProject
Project("{FAE04EC0-301F-11D3-BF4B-00C04F79EFBC}") = "SuperClicker.Core", "SuperClicker.Core\SuperClicker.Core.csproj", "{0411B1F2-88EF-4EAE-9323-6344B82EAFCC}"
EndProject
Project("{2150E333-8FDC-42A3-9474-1A3956D46DE8}") = "tests", "tests", "{DE58BD5E-5D87-4DD5-9598-9A210F72E693}"
EndProject
Project("{FAE04EC0-301F-11D3-BF4B-00C04F79EFBC}") = "SuperClicker.UnitTests", "SuperClicker.UnitTests\SuperClicker.UnitTests.csproj", "{52A22B2A-1B24-4FDA-8405-B6742B887770}"
EndProject
Global
	GlobalSection(SolutionConfigurationPlatforms) = preSolution
		Debug|Any CPU = Debug|Any CPU
		Release|Any CPU = Release|Any CPU
	EndGlobalSection
	GlobalSection(ProjectConfigurationPlatforms) = postSolution
		{0A3F0735-3587-42C0-8C7E-06502BF7E68C}.Debug|Any CPU.ActiveCfg = Debug|Any CPU
		{0A3F0735-3587-42C0-8C7E-06502BF7E68C}.Debug|Any CPU.Build.0 = Debug|Any CPU
		{0A3F0735-3587-42C0-8C7E-06502BF7E68C}.Release|Any CPU.ActiveCfg = Release|Any CPU
		{0A3F0735-3587-42C0-8C7E-06502BF7E68C}.Release|Any CPU.Build.0 = Release|Any CPU
		{DE1FFD0B-F885-45B0-9C43-5BF4EBE11C77}.Debug|Any CPU.ActiveCfg = Debug|Any CPU
		{DE1FFD0B-F885-45B0-9C43-5BF4EBE11C77}.Debug|Any CPU.Build.0 = Debug|Any CPU
		{DE1FFD0B-F885-45B0-9C43-5BF4EBE11C77}.Release|Any CPU.ActiveCfg = Release|Any CPU
		{DE1FFD0B-F885-45B0-9C43-5BF4EBE11C77}.Release|Any CPU.Build.0 = Release|Any CPU
		{0411B1F2-88EF-4EAE-9323-6344B82EAFCC}.Debug|Any CPU.ActiveCfg = Debug|Any CPU
		{0411B1F2-88EF-4EAE-9323-6344B82EAFCC}.Debug|Any CPU.Build.0 = Debug|Any CPU
		{0411B1F2-88EF-4EAE-9323-6344B82EAFCC}.Release|Any CPU.ActiveCfg = Release|Any CPU
		{0411B1F2-88EF-4EAE-9323-6344B82EAFCC}.Release|Any CPU.Build.0 = Release|Any CPU
		{52A22B2A-1B24-4FDA-8405-B6742B887770}.Debug|Any CPU.ActiveCfg = Debug|Any CPU
		{52A22B2A-1B24-4FDA-8405-B6742B887770}.Debug|Any CPU.Build.0 = Debug|Any CPU
		{52A22B2A-1B24-4FDA-8405-B6742B887770}.Release|Any CPU.ActiveCfg = Release|Any CPU
		{52A22B2A-1B24-4FDA-8405-B6742B887770}.Release|Any CPU.Build.0 = Release|Any CPU
	EndGlobalSection
	GlobalSection(SolutionProperties) = preSolution
		HideSolutionNode = FALSE
	EndGlobalSection
	GlobalSection(NestedProjects) = preSolution
		{52A22B2A-1B24-4FDA-8405-B6742B887770} = {DE58BD5E-5D87-4DD5-9598-9A210F72E693}
	EndGlobalSection
EndGlobal
